{
  "name": "node-casbin-redis-adapter",
  "version": "1.0.0",
  "lockfileVersion": 1,
  "requires": true,
  "dependencies": {
    "casbin": {
      "version": "3.0.3",
      "resolved": "https://registry.npmjs.org/casbin/-/casbin-3.0.3.tgz",
      "integrity": "sha512-8BSETF/9sW2czG7b3Dg7sSENj/2EGqEckeub4LQgDjdlQ9yjWMMymsh2sLI/huezm/OWqXNtQb3UeOHuwf25Sw==",
      "requires": {
        "expression-eval": "^2.0.0",
        "ip": "^1.1.5",
        "lodash": "^4.17.10"
      }
    },
    "double-ended-queue": {
      "version": "2.1.0-0",
      "resolved": "https://registry.npmjs.org/double-ended-queue/-/double-ended-queue-2.1.0-0.tgz",
      "integrity": "sha1-ED01J/0xUo9AGIEwyEHv3XgmTlw="
    },
    "expression-eval": {
      "version": "2.0.0",
      "resolved": "https://registry.npmjs.org/expression-eval/-/expression-eval-2.0.0.tgz",
      "integrity": "sha512-8cFzfco37CdZQd4DTyZ+ncxQtPUTE0dcxvbGXYc17Ji+3MQSBkT+11GdfC7eO2duvLNuWjN7Ejqb0kLX/u2bBw==",
      "requires": {
        "jsep": "^0.3.0"
      }
    },
    "ip": {
      "version": "1.1.5",
      "resolved": "https://registry.npmjs.org/ip/-/ip-1.1.5.tgz",
      "integrity": "sha1-vd7XARQpCCjAoDnnLvJfWq7ENUo="
    },
    "jsep": {
      "version": "0.3.4",
      "resolved": "https://registry.npmjs.org/jsep/-/jsep-0.3.4.tgz",
      "integrity": "sha512-ovGD9wE+wvudIIYxZGrRcZCxNyZ3Cl1N7Bzyp7/j4d/tA0BaUwcVM9bu0oZaSrefMiNwv6TwZ9X15gvZosteCQ=="
    },
    "lodash": {
      "version": "4.17.14",
      "resolved": "https://registry.npmjs.org/lodash/-/lodash-4.17.14.tgz",
      "integrity": "sha512-mmKYbW3GLuJeX+iGP+Y7Gp1AiGHGbXHCOh/jZmrawMmsE7MS4znI3RL2FsjbqOyMayHInjOeykW7PEajUk1/xw=="
    },
    "redis": {
      "version": "2.8.0",
      "resolved": "https://registry.npmjs.org/redis/-/redis-2.8.0.tgz",
      "integrity": "sha512-M1OkonEQwtRmZv4tEWF2VgpG0JWJ8Fv1PhlgT5+B+uNq2cA3Rt1Yt/ryoR+vQNOQcIEgdCdfH0jr3bDpihAw1A==",
      "requires": {
        "double-ended-queue": "^2.1.0-0",
        "redis-commands": "^1.2.0",
        "redis-parser": "^2.6.0"
      }
    },
    "redis-commands": {
      "version": "1.5.0",
      "resolved": "https://registry.npmjs.org/redis-commands/-/redis-commands-1.5.0.tgz",
      "integrity": "sha512-6KxamqpZ468MeQC3bkWmCB1fp56XL64D4Kf0zJSwDZbVLLm7KFkoIcHrgRvQ+sk8dnhySs7+yBg94yIkAK7aJg=="
    },
    "redis-parser": {
      "version": "2.6.0",
      "resolved": "https://registry.npmjs.org/redis-parser/-/redis-parser-2.6.0.tgz",
      "integrity": "sha1-Uu0J2srBCPGmMcB+m2mUHnoZUEs="
    }
  }
}
